
Microsoft Visual Studio Solution File, Format Version 12.00
Project("{FAE04EC0-301F-11D3-BF4B-00C04F79EFBC}") = "NetMusicPlugin", "NetMusicPlugin\NetMusicPlugin.csproj", "{140BA907-68E8-4420-B55D-C588B8371D54}"
EndProject
Global
	GlobalSection(SolutionConfigurationPlatforms) = preSolution
		Debug|Any CPU = Debug|Any CPU
		Release|Any CPU = Release|Any CPU
	EndGlobalSection
	GlobalSection(ProjectConfigurationPlatforms) = postSolution
		{140BA907-68E8-4420-B55D-C588B8371D54}.Release|Any CPU.ActiveCfg = Release|Any CPU
		{140BA907-68E8-4420-B55D-C588B8371D54}.Release|Any CPU.Build.0 = Release|Any CPU
		{140BA907-68E8-4420-B55D-C588B8371D54}.Debug|Any CPU.ActiveCfg = Release|Any CPU
		{140BA907-68E8-4420-B55D-C588B8371D54}.Debug|Any CPU.Build.0 = Release|Any CPU
		{140BA907-68E8-4420-B55D-C588B8371D54}.Debug|Any CPU.Deploy.0 = Release|Any CPU
	EndGlobalSection
EndGlobal
